
Microsoft Visual Studio Solution File, Format Version 12.00
# Visual Studio 15
VisualStudioVersion = 15.0.26730.16
MinimumVisualStudioVersion = 10.0.40219.1
Project("{2150E333-8FDC-42A3-9474-1A3956D46DE8}") = "src", "src", "{26E3B897-CA09-416F-995C-6534B905544D}"
EndProject
Project("{2150E333-8FDC-42A3-9474-1A3956D46DE8}") = "Solution Items", "Solution Items", "{A2C02960-3FD6-4437-A524-C45E9DA24DD7}"
EndProject
Project("{9A19103F-16F7-4668-BE54-9A1E7A4F7556}") = "TranslateBackend", "src\TranslateBackend\TranslateBackend.csproj", "{551302E5-8473-473E-A191-08972B42FAAD}"
EndProject
Global
	GlobalSection(SolutionConfigurationPlatforms) = preSolution
		Debug|Any CPU = Debug|Any CPU
		Release|Any CPU = Release|Any CPU
	EndGlobalSection
	GlobalSection(ProjectConfigurationPlatforms) = postSolution
		{551302E5-8473-473E-A191-08972B42FAAD}.Debug|Any CPU.ActiveCfg = Debug|Any CPU
		{551302E5-8473-473E-A191-08972B42FAAD}.Debug|Any CPU.Build.0 = Debug|Any CPU
		{551302E5-8473-473E-A191-08972B42FAAD}.Release|Any CPU.ActiveCfg = Release|Any CPU
		{551302E5-8473-473E-A191-08972B42FAAD}.Release|Any CPU.Build.0 = Release|Any CPU
	EndGlobalSection
	GlobalSection(SolutionProperties) = preSolution
		HideSolutionNode = FALSE
	EndGlobalSection
	GlobalSection(NestedProjects) = preSolution
		{551302E5-8473-473E-A191-08972B42FAAD} = {26E3B897-CA09-416F-995C-6534B905544D}
	EndGlobalSection
	GlobalSection(ExtensibilityGlobals) = postSolution
		SolutionGuid = {9485FB33-B84A-4105-856C-B23429DFCED5}
	EndGlobalSection
EndGlobal
